// !$*UTF8*$!
{
	archiveVersion = 1;
	classes = {
	};
	objectVersion = 52;
	objects = {

/* Begin PBXBuildFile section */
		161C584F2A692F6B00895A73 /* LoginSignupView.swift in Sources */ = {isa = PBXBuildFile; fileRef = 161C584E2A692F6B00895A73 /* LoginSignupView.swift */; };
		161C58532A69373200895A73 /* LoginScreen.swift in Sources */ = {isa = PBXBuildFile; fileRef = 161C58522A69373200895A73 /* LoginScreen.swift */; };
		166238862A6A1FD30099C410 /* FirebaseAnalytics in Frameworks */ = {isa = PBXBuildFile; productRef = 166238852A6A1FD30099C410 /* FirebaseAnalytics */; };
		166238882A6A1FD30099C410 /* FirebaseAnalyticsOnDeviceConversion in Frameworks */ = {isa = PBXBuildFile; productRef = 166238872A6A1FD30099C410 /* FirebaseAnalyticsOnDeviceConversion */; };
		1662388A2A6A1FD30099C410 /* FirebaseAnalyticsSwift in Frameworks */ = {isa = PBXBuildFile; productRef = 166238892A6A1FD30099C410 /* FirebaseAnalyticsSwift */; };
		1662388C2A6A1FD30099C410 /* FirebaseAnalyticsWithoutAdIdSupport in Frameworks */ = {isa = PBXBuildFile; productRef = 1662388B2A6A1FD30099C410 /* FirebaseAnalyticsWithoutAdIdSupport */; };
		1662388E2A6A1FD30099C410 /* FirebaseAppCheck in Frameworks */ = {isa = PBXBuildFile; productRef = 1662388D2A6A1FD30099C410 /* FirebaseAppCheck */; };
		166238902A6A1FD30099C410 /* FirebaseAppDistribution-Beta in Frameworks */ = {isa = PBXBuildFile; productRef = 1662388F2A6A1FD30099C410 /* FirebaseAppDistribution-Beta */; };
		166238922A6A1FD30099C410 /* FirebaseAuth in Frameworks */ = {isa = PBXBuildFile; productRef = 166238912A6A1FD30099C410 /* FirebaseAuth */; };
		166238942A6A1FD30099C410 /* FirebaseAuthCombine-Community in Frameworks */ = {isa = PBXBuildFile; productRef = 166238932A6A1FD30099C410 /* FirebaseAuthCombine-Community */; };
		166238962A6A1FD30099C410 /* FirebaseCrashlytics in Frameworks */ = {isa = PBXBuildFile; productRef = 166238952A6A1FD30099C410 /* FirebaseCrashlytics */; };
		166238982A6A1FD30099C410 /* FirebaseDatabase in Frameworks */ = {isa = PBXBuildFile; productRef = 166238972A6A1FD30099C410 /* FirebaseDatabase */; };
		1662389A2A6A1FD30099C410 /* FirebaseDatabaseSwift in Frameworks */ = {isa = PBXBuildFile; productRef = 166238992A6A1FD30099C410 /* FirebaseDatabaseSwift */; };
		1662389C2A6A1FD30099C410 /* FirebaseDynamicLinks in Frameworks */ = {isa = PBXBuildFile; productRef = 1662389B2A6A1FD30099C410 /* FirebaseDynamicLinks */; };
		1662389E2A6A1FD30099C410 /* FirebaseFirestore in Frameworks */ = {isa = PBXBuildFile; productRef = 1662389D2A6A1FD30099C410 /* FirebaseFirestore */; };
		166238A02A6A1FD30099C410 /* FirebaseFirestoreCombine-Community in Frameworks */ = {isa = PBXBuildFile; productRef = 1662389F2A6A1FD30099C410 /* FirebaseFirestoreCombine-Community */; };
		166238A22A6A1FD30099C410 /* FirebaseFirestoreSwift in Frameworks */ = {isa = PBXBuildFile; productRef = 166238A12A6A1FD30099C410 /* FirebaseFirestoreSwift */; };
		166238A42A6A1FD30099C410 /* FirebaseFunctions in Frameworks */ = {isa = PBXBuildFile; productRef = 166238A32A6A1FD30099C410 /* FirebaseFunctions */; };
		166238A62A6A1FD30099C410 /* FirebaseFunctionsCombine-Community in Frameworks */ = {isa = PBXBuildFile; productRef = 166238A52A6A1FD30099C410 /* FirebaseFunctionsCombine-Community */; };
		166238A82A6A1FD30099C410 /* FirebaseInAppMessaging-Beta in Frameworks */ = {isa = PBXBuildFile; productRef = 166238A72A6A1FD30099C410 /* FirebaseInAppMessaging-Beta */; };
		166238AA2A6A1FD30099C410 /* FirebaseInAppMessagingSwift-Beta in Frameworks */ = {isa = PBXBuildFile; productRef = 166238A92A6A1FD30099C410 /* FirebaseInAppMessagingSwift-Beta */; };
		166238AC2A6A1FD30099C410 /* FirebaseInstallations in Frameworks */ = {isa = PBXBuildFile; productRef = 166238AB2A6A1FD30099C410 /* FirebaseInstallations */; };
		166238AE2A6A1FD30099C410 /* FirebaseMLModelDownloader in Frameworks */ = {isa = PBXBuildFile; productRef = 166238AD2A6A1FD30099C410 /* FirebaseMLModelDownloader */; };
		166238B02A6A1FD30099C410 /* FirebaseMessaging in Frameworks */ = {isa = PBXBuildFile; productRef = 166238AF2A6A1FD30099C410 /* FirebaseMessaging */; };
		166238B22A6A1FD30099C410 /* FirebasePerformance in Frameworks */ = {isa = PBXBuildFile; productRef = 166238B12A6A1FD30099C410 /* FirebasePerformance */; };
		166238B42A6A1FD30099C410 /* FirebaseRemoteConfig in Frameworks */ = {isa = PBXBuildFile; productRef = 166238B32A6A1FD30099C410 /* FirebaseRemoteConfig */; };
		166238B62A6A1FD30099C410 /* FirebaseRemoteConfigSwift in Frameworks */ = {isa = PBXBuildFile; productRef = 166238B52A6A1FD30099C410 /* FirebaseRemoteConfigSwift */; };
		166238B82A6A1FD30099C410 /* FirebaseStorage in Frameworks */ = {isa = PBXBuildFile; productRef = 166238B72A6A1FD30099C410 /* FirebaseStorage */; };
		166238BA2A6A1FD30099C410 /* FirebaseStorageCombine-Community in Frameworks */ = {isa = PBXBuildFile; productRef = 166238B92A6A1FD30099C410 /* FirebaseStorageCombine-Community */; };
		16638C502A6646F1007C442A /* UniChaseApp.swift in Sources */ = {isa = PBXBuildFile; fileRef = 16638C4F2A6646F1007C442A /* UniChaseApp.swift */; };
		16638C522A6646F1007C442A /* ContentView.swift in Sources */ = {isa = PBXBuildFile; fileRef = 16638C512A6646F1007C442A /* ContentView.swift */; };
		16638C542A6646F1007C442A /* Assets.xcassets in Resources */ = {isa = PBXBuildFile; fileRef = 16638C532A6646F1007C442A /* Assets.xcassets */; };
		16638C572A6646F1007C442A /* Preview Assets.xcassets in Resources */ = {isa = PBXBuildFile; fileRef = 16638C562A6646F1007C442A /* Preview Assets.xcassets */; };
		16638C622A6646F2007C442A /* UniChaseTests.swift in Sources */ = {isa = PBXBuildFile; fileRef = 16638C612A6646F2007C442A /* UniChaseTests.swift */; };
		16638C6D2A6646F2007C442A /* UniChaseUITests.swift in Sources */ = {isa = PBXBuildFile; fileRef = 16638C6C2A6646F2007C442A /* UniChaseUITests.swift */; };
/* End PBXBuildFile section */

/* Begin PBXContainerItemProxy section */
		16638C5E2A6646F2007C442A /* PBXContainerItemProxy */ = {
			isa = PBXContainerItemProxy;
			containerPortal = 16638C442A6646F1007C442A /* Project object */;
			proxyType = 1;
			remoteGlobalIDString = 16638C4B2A6646F1007C442A;
			remoteInfo = UniChase;
		};
		16638C692A6646F2007C442A /* PBXContainerItemProxy */ = {
			isa = PBXContainerItemProxy;
			containerPortal = 16638C442A6646F1007C442A /* Project object */;
			proxyType = 1;
			remoteGlobalIDString = 16638C4B2A6646F1007C442A;
			remoteInfo = UniChase;
		};
/* End PBXContainerItemProxy section */

/* Begin PBXFileReference section */
		161C584E2A692F6B00895A73 /* LoginSignupView.swift */ = {isa = PBXFileReference; lastKnownFileType = sourcecode.swift; path = LoginSignupView.swift; sourceTree = "<group>"; };
		161C58522A69373200895A73 /* LoginScreen.swift */ = {isa = PBXFileReference; lastKnownFileType = sourcecode.swift; path = LoginScreen.swift; sourceTree = "<group>"; };
		16638C4C2A6646F1007C442A /* UniChase.app */ = {isa = PBXFileReference; explicitFileType = wrapper.application; includeInIndex = 0; path = UniChase.app; sourceTree = BUILT_PRODUCTS_DIR; };
		16638C4F2A6646F1007C442A /* UniChaseApp.swift */ = {isa = PBXFileReference; lastKnownFileType = sourcecode.swift; path = UniChaseApp.swift; sourceTree = "<group>"; };
		16638C512A6646F1007C442A /* ContentView.swift */ = {isa = PBXFileReference; lastKnownFileType = sourcecode.swift; path = ContentView.swift; sourceTree = "<group>"; };
		16638C532A6646F1007C442A /* Assets.xcassets */ = {isa = PBXFileReference; lastKnownFileType = folder.assetcatalog; path = Assets.xcassets; sourceTree = "<group>"; };
		16638C562A6646F1007C442A /* Preview Assets.xcassets */ = {isa = PBXFileReference; lastKnownFileType = folder.assetcatalog; path = "Preview Assets.xcassets"; sourceTree = "<group>"; };
		16638C582A6646F1007C442A /* Info.plist */ = {isa = PBXFileReference; lastKnownFileType = text.plist.xml; path = Info.plist; sourceTree = "<group>"; };
		16638C5D2A6646F2007C442A /* UniChaseTests.xctest */ = {isa = PBXFileReference; explicitFileType = wrapper.cfbundle; includeInIndex = 0; path = UniChaseTests.xctest; sourceTree = BUILT_PRODUCTS_DIR; };
		16638C612A6646F2007C442A /* UniChaseTests.swift */ = {isa = PBXFileReference; lastKnownFileType = sourcecode.swift; path = UniChaseTests.swift; sourceTree = "<group>"; };
		16638C632A6646F2007C442A /* Info.plist */ = {isa = PBXFileReference; lastKnownFileType = text.plist.xml; path = Info.plist; sourceTree = "<group>"; };
		16638C682A6646F2007C442A /* UniChaseUITests.xctest */ = {isa = PBXFileReference; explicitFileType = wrapper.cfbundle; includeInIndex = 0; path = UniChaseUITests.xctest; sourceTree = BUILT_PRODUCTS_DIR; };
		16638C6C2A6646F2007C442A /* UniChaseUITests.swift */ = {isa = PBXFileReference; lastKnownFileType = sourcecode.swift; path = UniChaseUITests.swift; sourceTree = "<group>"; };
		16638C6E2A6646F2007C442A /* Info.plist */ = {isa = PBXFileReference; lastKnownFileType = text.plist.xml; path = Info.plist; sourceTree = "<group>"; };
/* End PBXFileReference section */

/* Begin PBXFrameworksBuildPhase section */
		16638C492A6646F1007C442A /* Frameworks */ = {
			isa = PBXFrameworksBuildPhase;
			buildActionMask = 2147483647;
			files = (
				166238982A6A1FD30099C410 /* FirebaseDatabase in Frameworks */,
				166238A62A6A1FD30099C410 /* FirebaseFunctionsCombine-Community in Frameworks */,
				1662389E2A6A1FD30099C410 /* FirebaseFirestore in Frameworks */,
				1662388A2A6A1FD30099C410 /* FirebaseAnalyticsSwift in Frameworks */,
				166238862A6A1FD30099C410 /* FirebaseAnalytics in Frameworks */,
				166238882A6A1FD30099C410 /* FirebaseAnalyticsOnDeviceConversion in Frameworks */,
				166238AE2A6A1FD30099C410 /* FirebaseMLModelDownloader in Frameworks */,
				166238A22A6A1FD30099C410 /* FirebaseFirestoreSwift in Frameworks */,
				1662388E2A6A1FD30099C410 /* FirebaseAppCheck in Frameworks */,
				1662388C2A6A1FD30099C410 /* FirebaseAnalyticsWithoutAdIdSupport in Frameworks */,
				166238922A6A1FD30099C410 /* FirebaseAuth in Frameworks */,
				166238962A6A1FD30099C410 /* FirebaseCrashlytics in Frameworks */,
				166238B62A6A1FD30099C410 /* FirebaseRemoteConfigSwift in Frameworks */,
				166238A82A6A1FD30099C410 /* FirebaseInAppMessaging-Beta in Frameworks */,
				1662389A2A6A1FD30099C410 /* FirebaseDatabaseSwift in Frameworks */,
				166238A42A6A1FD30099C410 /* FirebaseFunctions in Frameworks */,
				166238BA2A6A1FD30099C410 /* FirebaseStorageCombine-Community in Frameworks */,
				166238B42A6A1FD30099C410 /* FirebaseRemoteConfig in Frameworks */,
				166238902A6A1FD30099C410 /* FirebaseAppDistribution-Beta in Frameworks */,
				166238942A6A1FD30099C410 /* FirebaseAuthCombine-Community in Frameworks */,
				166238B22A6A1FD30099C410 /* FirebasePerformance in Frameworks */,
				166238AA2A6A1FD30099C410 /* FirebaseInAppMessagingSwift-Beta in Frameworks */,
				166238B82A6A1FD30099C410 /* FirebaseStorage in Frameworks */,
				1662389C2A6A1FD30099C410 /* FirebaseDynamicLinks in Frameworks */,
				166238A02A6A1FD30099C410 /* FirebaseFirestoreCombine-Community in Frameworks */,
				166238B02A6A1FD30099C410 /* FirebaseMessaging in Frameworks */,
				166238AC2A6A1FD30099C410 /* FirebaseInstallations in Frameworks */,
			);
			runOnlyForDeploymentPostprocessing = 0;
		};
		16638C5A2A6646F2007C442A /* Frameworks */ = {
			isa = PBXFrameworksBuildPhase;
			buildActionMask = 2147483647;
			files = (
			);
			runOnlyForDeploymentPostprocessing = 0;
		};
		16638C652A6646F2007C442A /* Frameworks */ = {
			isa = PBXFrameworksBuildPhase;
			buildActionMask = 2147483647;
			files = (
			);
			runOnlyForDeploymentPostprocessing = 0;
		};
/* End PBXFrameworksBuildPhase section */

/* Begin PBXGroup section */
		16638C432A6646F1007C442A = {
			isa = PBXGroup;
			children = (
				16638C4E2A6646F1007C442A /* UniChase */,
				16638C602A6646F2007C442A /* UniChaseTests */,
				16638C6B2A6646F2007C442A /* UniChaseUITests */,
				16638C4D2A6646F1007C442A /* Products */,
			);
			sourceTree = "<group>";
		};
		16638C4D2A6646F1007C442A /* Products */ = {
			isa = PBXGroup;
			children = (
				16638C4C2A6646F1007C442A /* UniChase.app */,
				16638C5D2A6646F2007C442A /* UniChaseTests.xctest */,
				16638C682A6646F2007C442A /* UniChaseUITests.xctest */,
			);
			name = Products;
			sourceTree = "<group>";
		};
		16638C4E2A6646F1007C442A /* UniChase */ = {
			isa = PBXGroup;
			children = (
				16638C4F2A6646F1007C442A /* UniChaseApp.swift */,
				16638C512A6646F1007C442A /* ContentView.swift */,
				16638C532A6646F1007C442A /* Assets.xcassets */,
				16638C582A6646F1007C442A /* Info.plist */,
				16638C552A6646F1007C442A /* Preview Content */,
				161C584E2A692F6B00895A73 /* LoginSignupView.swift */,
				161C58522A69373200895A73 /* LoginScreen.swift */,
			);
			path = UniChase;
			sourceTree = "<group>";
		};
		16638C552A6646F1007C442A /* Preview Content */ = {
			isa = PBXGroup;
			children = (
				16638C562A6646F1007C442A /* Preview Assets.xcassets */,
			);
			path = "Preview Content";
			sourceTree = "<group>";
		};
		16638C602A6646F2007C442A /* UniChaseTests */ = {
			isa = PBXGroup;
			children = (
				16638C612A6646F2007C442A /* UniChaseTests.swift */,
				16638C632A6646F2007C442A /* Info.plist */,
			);
			path = UniChaseTests;
			sourceTree = "<group>";
		};
		16638C6B2A6646F2007C442A /* UniChaseUITests */ = {
			isa = PBXGroup;
			children = (
				16638C6C2A6646F2007C442A /* UniChaseUITests.swift */,
				16638C6E2A6646F2007C442A /* Info.plist */,
			);
			path = UniChaseUITests;
			sourceTree = "<group>";
		};
/* End PBXGroup section */

/* Begin PBXNativeTarget section */
		16638C4B2A6646F1007C442A /* UniChase */ = {
			isa = PBXNativeTarget;
			buildConfigurationList = 16638C712A6646F2007C442A /* Build configuration list for PBXNativeTarget "UniChase" */;
			buildPhases = (
				16638C482A6646F1007C442A /* Sources */,
				16638C492A6646F1007C442A /* Frameworks */,
				16638C4A2A6646F1007C442A /* Resources */,
			);
			buildRules = (
			);
			dependencies = (
			);
			name = UniChase;
			packageProductDependencies = (
				166238852A6A1FD30099C410 /* FirebaseAnalytics */,
				166238872A6A1FD30099C410 /* FirebaseAnalyticsOnDeviceConversion */,
				166238892A6A1FD30099C410 /* FirebaseAnalyticsSwift */,
				1662388B2A6A1FD30099C410 /* FirebaseAnalyticsWithoutAdIdSupport */,
				1662388D2A6A1FD30099C410 /* FirebaseAppCheck */,
				1662388F2A6A1FD30099C410 /* FirebaseAppDistribution-Beta */,
				166238912A6A1FD30099C410 /* FirebaseAuth */,
				166238932A6A1FD30099C410 /* FirebaseAuthCombine-Community */,
				166238952A6A1FD30099C410 /* FirebaseCrashlytics */,
				166238972A6A1FD30099C410 /* FirebaseDatabase */,
				166238992A6A1FD30099C410 /* FirebaseDatabaseSwift */,
				1662389B2A6A1FD30099C410 /* FirebaseDynamicLinks */,
				1662389D2A6A1FD30099C410 /* FirebaseFirestore */,
				1662389F2A6A1FD30099C410 /* FirebaseFirestoreCombine-Community */,
				166238A12A6A1FD30099C410 /* FirebaseFirestoreSwift */,
				166238A32A6A1FD30099C410 /* FirebaseFunctions */,
				166238A52A6A1FD30099C410 /* FirebaseFunctionsCombine-Community */,
				166238A72A6A1FD30099C410 /* FirebaseInAppMessaging-Beta */,
				166238A92A6A1FD30099C410 /* FirebaseInAppMessagingSwift-Beta */,
				166238AB2A6A1FD30099C410 /* FirebaseInstallations */,
				166238AD2A6A1FD30099C410 /* FirebaseMLModelDownloader */,
				166238AF2A6A1FD30099C410 /* FirebaseMessaging */,
				166238B12A6A1FD30099C410 /* FirebasePerformance */,
				166238B32A6A1FD30099C410 /* FirebaseRemoteConfig */,
				166238B52A6A1FD30099C410 /* FirebaseRemoteConfigSwift */,
				166238B72A6A1FD30099C410 /* FirebaseStorage */,
				166238B92A6A1FD30099C410 /* FirebaseStorageCombine-Community */,
			);
			productName = UniChase;
			productReference = 16638C4C2A6646F1007C442A /* UniChase.app */;
			productType = "com.apple.product-type.application";
		};
		16638C5C2A6646F2007C442A /* UniChaseTests */ = {
			isa = PBXNativeTarget;
			buildConfigurationList = 16638C742A6646F2007C442A /* Build configuration list for PBXNativeTarget "UniChaseTests" */;
			buildPhases = (
				16638C592A6646F2007C442A /* Sources */,
				16638C5A2A6646F2007C442A /* Frameworks */,
				16638C5B2A6646F2007C442A /* Resources */,
			);
			buildRules = (
			);
			dependencies = (
				16638C5F2A6646F2007C442A /* PBXTargetDependency */,
			);
			name = UniChaseTests;
			productName = UniChaseTests;
			productReference = 16638C5D2A6646F2007C442A /* UniChaseTests.xctest */;
			productType = "com.apple.product-type.bundle.unit-test";
		};
		16638C672A6646F2007C442A /* UniChaseUITests */ = {
			isa = PBXNativeTarget;
			buildConfigurationList = 16638C772A6646F2007C442A /* Build configuration list for PBXNativeTarget "UniChaseUITests" */;
			buildPhases = (
				16638C642A6646F2007C442A /* Sources */,
				16638C652A6646F2007C442A /* Frameworks */,
				16638C662A6646F2007C442A /* Resources */,
			);
			buildRules = (
			);
			dependencies = (
				16638C6A2A6646F2007C442A /* PBXTargetDependency */,
			);
			name = UniChaseUITests;
			productName = UniChaseUITests;
			productReference = 16638C682A6646F2007C442A /* UniChaseUITests.xctest */;
			productType = "com.apple.product-type.bundle.ui-testing";
		};
/* End PBXNativeTarget section */

/* Begin PBXProject section */
		16638C442A6646F1007C442A /* Project object */ = {
			isa = PBXProject;
			attributes = {
				LastSwiftUpdateCheck = 1250;
				LastUpgradeCheck = 1250;
				TargetAttributes = {
					16638C4B2A6646F1007C442A = {
						CreatedOnToolsVersion = 12.5.1;
					};
					16638C5C2A6646F2007C442A = {
						CreatedOnToolsVersion = 12.5.1;
						TestTargetID = 16638C4B2A6646F1007C442A;
					};
					16638C672A6646F2007C442A = {
						CreatedOnToolsVersion = 12.5.1;
						TestTargetID = 16638C4B2A6646F1007C442A;
					};
				};
			};
			buildConfigurationList = 16638C472A6646F1007C442A /* Build configuration list for PBXProject "UniChase" */;
			compatibilityVersion = "Xcode 9.3";
			developmentRegion = en;
			hasScannedForEncodings = 0;
			knownRegions = (
				en,
				Base,
			);
			mainGroup = 16638C432A6646F1007C442A;
			packageReferences = (
				166238842A6A1FD30099C410 /* XCRemoteSwiftPackageReference "firebase-ios-sdk" */,
			);
			productRefGroup = 16638C4D2A6646F1007C442A /* Products */;
			projectDirPath = "";
			projectRoot = "";
			targets = (
				16638C4B2A6646F1007C442A /* UniChase */,
				16638C5C2A6646F2007C442A /* UniChaseTests */,
				16638C672A6646F2007C442A /* UniChaseUITests */,
			);
		};
/* End PBXProject section */

/* Begin PBXResourcesBuildPhase section */
		16638C4A2A6646F1007C442A /* Resources */ = {
			isa = PBXResourcesBuildPhase;
			buildActionMask = 2147483647;
			files = (
				16638C572A6646F1007C442A /* Preview Assets.xcassets in Resources */,
				16638C542A6646F1007C442A /* Assets.xcassets in Resources */,
			);
			runOnlyForDeploymentPostprocessing = 0;
		};
		16638C5B2A6646F2007C442A /* Resources */ = {
			isa = PBXResourcesBuildPhase;
			buildActionMask = 2147483647;
			files = (
			);
			runOnlyForDeploymentPostprocessing = 0;
		};
		16638C662A6646F2007C442A /* Resources */ = {
			isa = PBXResourcesBuildPhase;
			buildActionMask = 2147483647;
			files = (
			);
			runOnlyForDeploymentPostprocessing = 0;
		};
/* End PBXResourcesBuildPhase section */

/* Begin PBXSourcesBuildPhase section */
		16638C482A6646F1007C442A /* Sources */ = {
			isa = PBXSourcesBuildPhase;
			buildActionMask = 2147483647;
			files = (
				161C584F2A692F6B00895A73 /* LoginSignupView.swift in Sources */,
				161C58532A69373200895A73 /* LoginScreen.swift in Sources */,
				16638C522A6646F1007C442A /* ContentView.swift in Sources */,
				16638C502A6646F1007C442A /* UniChaseApp.swift in Sources */,
			);
			runOnlyForDeploymentPostprocessing = 0;
		};
		16638C592A6646F2007C442A /* Sources */ = {
			isa = PBXSourcesBuildPhase;
			buildActionMask = 2147483647;
			files = (
				16638C622A6646F2007C442A /* UniChaseTests.swift in Sources */,
			);
			runOnlyForDeploymentPostprocessing = 0;
		};
		16638C642A6646F2007C442A /* Sources */ = {
			isa = PBXSourcesBuildPhase;
			buildActionMask = 2147483647;
			files = (
				16638C6D2A6646F2007C442A /* UniChaseUITests.swift in Sources */,
			);
			runOnlyForDeploymentPostprocessing = 0;
		};
/* End PBXSourcesBuildPhase section */

/* Begin PBXTargetDependency section */
		16638C5F2A6646F2007C442A /* PBXTargetDependency */ = {
			isa = PBXTargetDependency;
			target = 16638C4B2A6646F1007C442A /* UniChase */;
			targetProxy = 16638C5E2A6646F2007C442A /* PBXContainerItemProxy */;
		};
		16638C6A2A6646F2007C442A /* PBXTargetDependency */ = {
			isa = PBXTargetDependency;
			target = 16638C4B2A6646F1007C442A /* UniChase */;
			targetProxy = 16638C692A6646F2007C442A /* PBXContainerItemProxy */;
		};
/* End PBXTargetDependency section */

/* Begin XCBuildConfiguration section */
		16638C6F2A6646F2007C442A /* Debug */ = {
			isa = XCBuildConfiguration;
			buildSettings = {
				ALWAYS_SEARCH_USER_PATHS = NO;
				CLANG_ANALYZER_NONNULL = YES;
				CLANG_ANALYZER_NUMBER_OBJECT_CONVERSION = YES_AGGRESSIVE;
				CLANG_CXX_LANGUAGE_STANDARD = "gnu++14";
				CLANG_CXX_LIBRARY = "libc++";
				CLANG_ENABLE_MODULES = YES;
				CLANG_ENABLE_OBJC_ARC = YES;
				CLANG_ENABLE_OBJC_WEAK = YES;
				CLANG_WARN_BLOCK_CAPTURE_AUTORELEASING = YES;
				CLANG_WARN_BOOL_CONVERSION = YES;
				CLANG_WARN_COMMA = YES;
				CLANG_WARN_CONSTANT_CONVERSION = YES;
				CLANG_WARN_DEPRECATED_OBJC_IMPLEMENTATIONS = YES;
				CLANG_WARN_DIRECT_OBJC_ISA_USAGE = YES_ERROR;
				CLANG_WARN_DOCUMENTATION_COMMENTS = YES;
				CLANG_WARN_EMPTY_BODY = YES;
				CLANG_WARN_ENUM_CONVERSION = YES;
				CLANG_WARN_INFINITE_RECURSION = YES;
				CLANG_WARN_INT_CONVERSION = YES;
				CLANG_WARN_NON_LITERAL_NULL_CONVERSION = YES;
				CLANG_WARN_OBJC_IMPLICIT_RETAIN_SELF = YES;
				CLANG_WARN_OBJC_LITERAL_CONVERSION = YES;
				CLANG_WARN_OBJC_ROOT_CLASS = YES_ERROR;
				CLANG_WARN_QUOTED_INCLUDE_IN_FRAMEWORK_HEADER = YES;
				CLANG_WARN_RANGE_LOOP_ANALYSIS = YES;
				CLANG_WARN_STRICT_PROTOTYPES = YES;
				CLANG_WARN_SUSPICIOUS_MOVE = YES;
				CLANG_WARN_UNGUARDED_AVAILABILITY = YES_AGGRESSIVE;
				CLANG_WARN_UNREACHABLE_CODE = YES;
				CLANG_WARN__DUPLICATE_METHOD_MATCH = YES;
				COPY_PHASE_STRIP = NO;
				DEBUG_INFORMATION_FORMAT = dwarf;
				ENABLE_STRICT_OBJC_MSGSEND = YES;
				ENABLE_TESTABILITY = YES;
				GCC_C_LANGUAGE_STANDARD = gnu11;
				GCC_DYNAMIC_NO_PIC = NO;
				GCC_NO_COMMON_BLOCKS = YES;
				GCC_OPTIMIZATION_LEVEL = 0;
				GCC_PREPROCESSOR_DEFINITIONS = (
					"DEBUG=1",
					"$(inherited)",
				);
				GCC_WARN_64_TO_32_BIT_CONVERSION = YES;
				GCC_WARN_ABOUT_RETURN_TYPE = YES_ERROR;
				GCC_WARN_UNDECLARED_SELECTOR = YES;
				GCC_WARN_UNINITIALIZED_AUTOS = YES_AGGRESSIVE;
				GCC_WARN_UNUSED_FUNCTION = YES;
				GCC_WARN_UNUSED_VARIABLE = YES;
				IPHONEOS_DEPLOYMENT_TARGET = 14.5;
				MTL_ENABLE_DEBUG_INFO = INCLUDE_SOURCE;
				MTL_FAST_MATH = YES;
				ONLY_ACTIVE_ARCH = YES;
				SDKROOT = iphoneos;
				SWIFT_ACTIVE_COMPILATION_CONDITIONS = DEBUG;
				SWIFT_OPTIMIZATION_LEVEL = "-Onone";
			};
			name = Debug;
		};
		16638C702A6646F2007C442A /* Release */ = {
			isa = XCBuildConfiguration;
			buildSettings = {
				ALWAYS_SEARCH_USER_PATHS = NO;
				CLANG_ANALYZER_NONNULL = YES;
				CLANG_ANALYZER_NUMBER_OBJECT_CONVERSION = YES_AGGRESSIVE;
				CLANG_CXX_LANGUAGE_STANDARD = "gnu++14";
				CLANG_CXX_LIBRARY = "libc++";
				CLANG_ENABLE_MODULES = YES;
				CLANG_ENABLE_OBJC_ARC = YES;
				CLANG_ENABLE_OBJC_WEAK = YES;
				CLANG_WARN_BLOCK_CAPTURE_AUTORELEASING = YES;
				CLANG_WARN_BOOL_CONVERSION = YES;
				CLANG_WARN_COMMA = YES;
				CLANG_WARN_CONSTANT_CONVERSION = YES;
				CLANG_WARN_DEPRECATED_OBJC_IMPLEMENTATIONS = YES;
				CLANG_WARN_DIRECT_OBJC_ISA_USAGE = YES_ERROR;
				CLANG_WARN_DOCUMENTATION_COMMENTS = YES;
				CLANG_WARN_EMPTY_BODY = YES;
				CLANG_WARN_ENUM_CONVERSION = YES;
				CLANG_WARN_INFINITE_RECURSION = YES;
				CLANG_WARN_INT_CONVERSION = YES;
				CLANG_WARN_NON_LITERAL_NULL_CONVERSION = YES;
				CLANG_WARN_OBJC_IMPLICIT_RETAIN_SELF = YES;
				CLANG_WARN_OBJC_LITERAL_CONVERSION = YES;
				CLANG_WARN_OBJC_ROOT_CLASS = YES_ERROR;
				CLANG_WARN_QUOTED_INCLUDE_IN_FRAMEWORK_HEADER = YES;
				CLANG_WARN_RANGE_LOOP_ANALYSIS = YES;
				CLANG_WARN_STRICT_PROTOTYPES = YES;
				CLANG_WARN_SUSPICIOUS_MOVE = YES;
				CLANG_WARN_UNGUARDED_AVAILABILITY = YES_AGGRESSIVE;
				CLANG_WARN_UNREACHABLE_CODE = YES;
				CLANG_WARN__DUPLICATE_METHOD_MATCH = YES;
				COPY_PHASE_STRIP = NO;
				DEBUG_INFORMATION_FORMAT = "dwarf-with-dsym";
				ENABLE_NS_ASSERTIONS = NO;
				ENABLE_STRICT_OBJC_MSGSEND = YES;
				GCC_C_LANGUAGE_STANDARD = gnu11;
				GCC_NO_COMMON_BLOCKS = YES;
				GCC_WARN_64_TO_32_BIT_CONVERSION = YES;
				GCC_WARN_ABOUT_RETURN_TYPE = YES_ERROR;
				GCC_WARN_UNDECLARED_SELECTOR = YES;
				GCC_WARN_UNINITIALIZED_AUTOS = YES_AGGRESSIVE;
				GCC_WARN_UNUSED_FUNCTION = YES;
				GCC_WARN_UNUSED_VARIABLE = YES;
				IPHONEOS_DEPLOYMENT_TARGET = 14.5;
				MTL_ENABLE_DEBUG_INFO = NO;
				MTL_FAST_MATH = YES;
				SDKROOT = iphoneos;
				SWIFT_COMPILATION_MODE = wholemodule;
				SWIFT_OPTIMIZATION_LEVEL = "-O";
				VALIDATE_PRODUCT = YES;
			};
			name = Release;
		};
		16638C722A6646F2007C442A /* Debug */ = {
			isa = XCBuildConfiguration;
			buildSettings = {
				ASSETCATALOG_COMPILER_APPICON_NAME = AppIcon;
				ASSETCATALOG_COMPILER_GLOBAL_ACCENT_COLOR_NAME = AccentColor;
				CODE_SIGN_STYLE = Automatic;
				DEVELOPMENT_ASSET_PATHS = "\"UniChase/Preview Content\"";
				ENABLE_PREVIEWS = YES;
				INFOPLIST_FILE = UniChase/Info.plist;
				IPHONEOS_DEPLOYMENT_TARGET = 14.0;
				LD_RUNPATH_SEARCH_PATHS = (
					"$(inherited)",
					"@executable_path/Frameworks",
				);
				PRODUCT_BUNDLE_IDENTIFIER = Uni.UniChase;
				PRODUCT_NAME = "$(TARGET_NAME)";
				SWIFT_VERSION = 5.0;
				TARGETED_DEVICE_FAMILY = "1,2";
			};
			name = Debug;
		};
		16638C732A6646F2007C442A /* Release */ = {
			isa = XCBuildConfiguration;
			buildSettings = {
				ASSETCATALOG_COMPILER_APPICON_NAME = AppIcon;
				ASSETCATALOG_COMPILER_GLOBAL_ACCENT_COLOR_NAME = AccentColor;
				CODE_SIGN_STYLE = Automatic;
				DEVELOPMENT_ASSET_PATHS = "\"UniChase/Preview Content\"";
				ENABLE_PREVIEWS = YES;
				INFOPLIST_FILE = UniChase/Info.plist;
				IPHONEOS_DEPLOYMENT_TARGET = 14.0;
				LD_RUNPATH_SEARCH_PATHS = (
					"$(inherited)",
					"@executable_path/Frameworks",
				);
				PRODUCT_BUNDLE_IDENTIFIER = Uni.UniChase;
				PRODUCT_NAME = "$(TARGET_NAME)";
				SWIFT_VERSION = 5.0;
				TARGETED_DEVICE_FAMILY = "1,2";
			};
			name = Release;
		};
		16638C752A6646F2007C442A /* Debug */ = {
			isa = XCBuildConfiguration;
			buildSettings = {
				ALWAYS_EMBED_SWIFT_STANDARD_LIBRARIES = YES;
				BUNDLE_LOADER = "$(TEST_HOST)";
				CODE_SIGN_STYLE = Automatic;
				INFOPLIST_FILE = UniChaseTests/Info.plist;
				IPHONEOS_DEPLOYMENT_TARGET = 14.0;
				LD_RUNPATH_SEARCH_PATHS = (
					"$(inherited)",
					"@executable_path/Frameworks",
					"@loader_path/Frameworks",
				);
				PRODUCT_BUNDLE_IDENTIFIER = Uni.UniChaseTests;
				PRODUCT_NAME = "$(TARGET_NAME)";
				SWIFT_VERSION = 5.0;
				TARGETED_DEVICE_FAMILY = "1,2";
				TEST_HOST = "$(BUILT_PRODUCTS_DIR)/UniChase.app/UniChase";
			};
			name = Debug;
		};
		16638C762A6646F2007C442A /* Release */ = {
			isa = XCBuildConfiguration;
			buildSettings = {
				ALWAYS_EMBED_SWIFT_STANDARD_LIBRARIES = YES;
				BUNDLE_LOADER = "$(TEST_HOST)";
				CODE_SIGN_STYLE = Automatic;
				INFOPLIST_FILE = UniChaseTests/Info.plist;
				IPHONEOS_DEPLOYMENT_TARGET = 14.0;
				LD_RUNPATH_SEARCH_PATHS = (
					"$(inherited)",
					"@executable_path/Frameworks",
					"@loader_path/Frameworks",
				);
				PRODUCT_BUNDLE_IDENTIFIER = Uni.UniChaseTests;
				PRODUCT_NAME = "$(TARGET_NAME)";
				SWIFT_VERSION = 5.0;
				TARGETED_DEVICE_FAMILY = "1,2";
				TEST_HOST = "$(BUILT_PRODUCTS_DIR)/UniChase.app/UniChase";
			};
			name = Release;
		};
		16638C782A6646F2007C442A /* Debug */ = {
			isa = XCBuildConfiguration;
			buildSettings = {
				ALWAYS_EMBED_SWIFT_STANDARD_LIBRARIES = YES;
				CODE_SIGN_STYLE = Automatic;
				INFOPLIST_FILE = UniChaseUITests/Info.plist;
				LD_RUNPATH_SEARCH_PATHS = (
					"$(inherited)",
					"@executable_path/Frameworks",
					"@loader_path/Frameworks",
				);
				PRODUCT_BUNDLE_IDENTIFIER = Uni.UniChaseUITests;
				PRODUCT_NAME = "$(TARGET_NAME)";
				SWIFT_VERSION = 5.0;
				TARGETED_DEVICE_FAMILY = "1,2";
				TEST_TARGET_NAME = UniChase;
			};
			name = Debug;
		};
		16638C792A6646F2007C442A /* Release */ = {
			isa = XCBuildConfiguration;
			buildSettings = {
				ALWAYS_EMBED_SWIFT_STANDARD_LIBRARIES = YES;
				CODE_SIGN_STYLE = Automatic;
				INFOPLIST_FILE = UniChaseUITests/Info.plist;
				LD_RUNPATH_SEARCH_PATHS = (
					"$(inherited)",
					"@executable_path/Frameworks",
					"@loader_path/Frameworks",
				);
				PRODUCT_BUNDLE_IDENTIFIER = Uni.UniChaseUITests;
				PRODUCT_NAME = "$(TARGET_NAME)";
				SWIFT_VERSION = 5.0;
				TARGETED_DEVICE_FAMILY = "1,2";
				TEST_TARGET_NAME = UniChase;
			};
			name = Release;
		};
/* End XCBuildConfiguration section */

/* Begin XCConfigurationList section */
		16638C472A6646F1007C442A /* Build configuration list for PBXProject "UniChase" */ = {
			isa = XCConfigurationList;
			buildConfigurations = (
				16638C6F2A6646F2007C442A /* Debug */,
				16638C702A6646F2007C442A /* Release */,
			);
			defaultConfigurationIsVisible = 0;
			defaultConfigurationName = Release;
		};
		16638C712A6646F2007C442A /* Build configuration list for PBXNativeTarget "UniChase" */ = {
			isa = XCConfigurationList;
			buildConfigurations = (
				16638C722A6646F2007C442A /* Debug */,
				16638C732A6646F2007C442A /* Release */,
			);
			defaultConfigurationIsVisible = 0;
			defaultConfigurationName = Release;
		};
		16638C742A6646F2007C442A /* Build configuration list for PBXNativeTarget "UniChaseTests" */ = {
			isa = XCConfigurationList;
			buildConfigurations = (
				16638C752A6646F2007C442A /* Debug */,
				16638C762A6646F2007C442A /* Release */,
			);
			defaultConfigurationIsVisible = 0;
			defaultConfigurationName = Release;
		};
		16638C772A6646F2007C442A /* Build configuration list for PBXNativeTarget "UniChaseUITests" */ = {
			isa = XCConfigurationList;
			buildConfigurations = (
				16638C782A6646F2007C442A /* Debug */,
				16638C792A6646F2007C442A /* Release */,
			);
			defaultConfigurationIsVisible = 0;
			defaultConfigurationName = Release;
		};
/* End XCConfigurationList section */

/* Begin XCRemoteSwiftPackageReference section */
		166238842A6A1FD30099C410 /* XCRemoteSwiftPackageReference "firebase-ios-sdk" */ = {
			isa = XCRemoteSwiftPackageReference;
			repositoryURL = "https://github.com/firebase/firebase-ios-sdk";
			requirement = {
				kind = upToNextMajorVersion;
				minimumVersion = 10.0.0;
			};
		};
/* End XCRemoteSwiftPackageReference section */

/* Begin XCSwiftPackageProductDependency section */
		166238852A6A1FD30099C410 /* FirebaseAnalytics */ = {
			isa = XCSwiftPackageProductDependency;
			package = 166238842A6A1FD30099C410 /* XCRemoteSwiftPackageReference "firebase-ios-sdk" */;
			productName = FirebaseAnalytics;
		};
		166238872A6A1FD30099C410 /* FirebaseAnalyticsOnDeviceConversion */ = {
			isa = XCSwiftPackageProductDependency;
			package = 166238842A6A1FD30099C410 /* XCRemoteSwiftPackageReference "firebase-ios-sdk" */;
			productName = FirebaseAnalyticsOnDeviceConversion;
		};
		166238892A6A1FD30099C410 /* FirebaseAnalyticsSwift */ = {
			isa = XCSwiftPackageProductDependency;
			package = 166238842A6A1FD30099C410 /* XCRemoteSwiftPackageReference "firebase-ios-sdk" */;
			productName = FirebaseAnalyticsSwift;
		};
		1662388B2A6A1FD30099C410 /* FirebaseAnalyticsWithoutAdIdSupport */ = {
			isa = XCSwiftPackageProductDependency;
			package = 166238842A6A1FD30099C410 /* XCRemoteSwiftPackageReference "firebase-ios-sdk" */;
			productName = FirebaseAnalyticsWithoutAdIdSupport;
		};
		1662388D2A6A1FD30099C410 /* FirebaseAppCheck */ = {
			isa = XCSwiftPackageProductDependency;
			package = 166238842A6A1FD30099C410 /* XCRemoteSwiftPackageReference "firebase-ios-sdk" */;
			productName = FirebaseAppCheck;
		};
		1662388F2A6A1FD30099C410 /* FirebaseAppDistribution-Beta */ = {
			isa = XCSwiftPackageProductDependency;
			package = 166238842A6A1FD30099C410 /* XCRemoteSwiftPackageReference "firebase-ios-sdk" */;
			productName = "FirebaseAppDistribution-Beta";
		};
		166238912A6A1FD30099C410 /* FirebaseAuth */ = {
			isa = XCSwiftPackageProductDependency;
			package = 166238842A6A1FD30099C410 /* XCRemoteSwiftPackageReference "firebase-ios-sdk" */;
			productName = FirebaseAuth;
		};
		166238932A6A1FD30099C410 /* FirebaseAuthCombine-Community */ = {
			isa = XCSwiftPackageProductDependency;
			package = 166238842A6A1FD30099C410 /* XCRemoteSwiftPackageReference "firebase-ios-sdk" */;
			productName = "FirebaseAuthCombine-Community";
		};
		166238952A6A1FD30099C410 /* FirebaseCrashlytics */ = {
			isa = XCSwiftPackageProductDependency;
			package = 166238842A6A1FD30099C410 /* XCRemoteSwiftPackageReference "firebase-ios-sdk" */;
			productName = FirebaseCrashlytics;
		};
		166238972A6A1FD30099C410 /* FirebaseDatabase */ = {
			isa = XCSwiftPackageProductDependency;
			package = 166238842A6A1FD30099C410 /* XCRemoteSwiftPackageReference "firebase-ios-sdk" */;
			productName = FirebaseDatabase;
		};
		166238992A6A1FD30099C410 /* FirebaseDatabaseSwift */ = {
			isa = XCSwiftPackageProductDependency;
			package = 166238842A6A1FD30099C410 /* XCRemoteSwiftPackageReference "firebase-ios-sdk" */;
			productName = FirebaseDatabaseSwift;
		};
		1662389B2A6A1FD30099C410 /* FirebaseDynamicLinks */ = {
			isa = XCSwiftPackageProductDependency;
			package = 166238842A6A1FD30099C410 /* XCRemoteSwiftPackageReference "firebase-ios-sdk" */;
			productName = FirebaseDynamicLinks;
		};
		1662389D2A6A1FD30099C410 /* FirebaseFirestore */ = {
			isa = XCSwiftPackageProductDependency;
			package = 166238842A6A1FD30099C410 /* XCRemoteSwiftPackageReference "firebase-ios-sdk" */;
			productName = FirebaseFirestore;
		};
		1662389F2A6A1FD30099C410 /* FirebaseFirestoreCombine-Community */ = {
			isa = XCSwiftPackageProductDependency;
			package = 166238842A6A1FD30099C410 /* XCRemoteSwiftPackageReference "firebase-ios-sdk" */;
			productName = "FirebaseFirestoreCombine-Community";
		};
		166238A12A6A1FD30099C410 /* FirebaseFirestoreSwift */ = {
			isa = XCSwiftPackageProductDependency;
			package = 166238842A6A1FD30099C410 /* XCRemoteSwiftPackageReference "firebase-ios-sdk" */;
			productName = FirebaseFirestoreSwift;
		};
		166238A32A6A1FD30099C410 /* FirebaseFunctions */ = {
			isa = XCSwiftPackageProductDependency;
			package = 166238842A6A1FD30099C410 /* XCRemoteSwiftPackageReference "firebase-ios-sdk" */;
			productName = FirebaseFunctions;
		};
		166238A52A6A1FD30099C410 /* FirebaseFunctionsCombine-Community */ = {
			isa = XCSwiftPackageProductDependency;
			package = 166238842A6A1FD30099C410 /* XCRemoteSwiftPackageReference "firebase-ios-sdk" */;
			productName = "FirebaseFunctionsCombine-Community";
		};
		166238A72A6A1FD30099C410 /* FirebaseInAppMessaging-Beta */ = {
			isa = XCSwiftPackageProductDependency;
			package = 166238842A6A1FD30099C410 /* XCRemoteSwiftPackageReference "firebase-ios-sdk" */;
			productName = "FirebaseInAppMessaging-Beta";
		};
		166238A92A6A1FD30099C410 /* FirebaseInAppMessagingSwift-Beta */ = {
			isa = XCSwiftPackageProductDependency;
			package = 166238842A6A1FD30099C410 /* XCRemoteSwiftPackageReference "firebase-ios-sdk" */;
			productName = "FirebaseInAppMessagingSwift-Beta";
		};
		166238AB2A6A1FD30099C410 /* FirebaseInstallations */ = {
			isa = XCSwiftPackageProductDependency;
			package = 166238842A6A1FD30099C410 /* XCRemoteSwiftPackageReference "firebase-ios-sdk" */;
			productName = FirebaseInstallations;
		};
		166238AD2A6A1FD30099C410 /* FirebaseMLModelDownloader */ = {
			isa = XCSwiftPackageProductDependency;
			package = 166238842A6A1FD30099C410 /* XCRemoteSwiftPackageReference "firebase-ios-sdk" */;
			productName = FirebaseMLModelDownloader;
		};
		166238AF2A6A1FD30099C410 /* FirebaseMessaging */ = {
			isa = XCSwiftPackageProductDependency;
			package = 166238842A6A1FD30099C410 /* XCRemoteSwiftPackageReference "firebase-ios-sdk" */;
			productName = FirebaseMessaging;
		};
		166238B12A6A1FD30099C410 /* FirebasePerformance */ = {
			isa = XCSwiftPackageProductDependency;
			package = 166238842A6A1FD30099C410 /* XCRemoteSwiftPackageReference "firebase-ios-sdk" */;
			productName = FirebasePerformance;
		};
		166238B32A6A1FD30099C410 /* FirebaseRemoteConfig */ = {
			isa = XCSwiftPackageProductDependency;
			package = 166238842A6A1FD30099C410 /* XCRemoteSwiftPackageReference "firebase-ios-sdk" */;
			productName = FirebaseRemoteConfig;
		};
		166238B52A6A1FD30099C410 /* FirebaseRemoteConfigSwift */ = {
			isa = XCSwiftPackageProductDependency;
			package = 166238842A6A1FD30099C410 /* XCRemoteSwiftPackageReference "firebase-ios-sdk" */;
			productName = FirebaseRemoteConfigSwift;
		};
		166238B72A6A1FD30099C410 /* FirebaseStorage */ = {
			isa = XCSwiftPackageProductDependency;
			package = 166238842A6A1FD30099C410 /* XCRemoteSwiftPackageReference "firebase-ios-sdk" */;
			productName = FirebaseStorage;
		};
		166238B92A6A1FD30099C410 /* FirebaseStorageCombine-Community */ = {
			isa = XCSwiftPackageProductDependency;
			package = 166238842A6A1FD30099C410 /* XCRemoteSwiftPackageReference "firebase-ios-sdk" */;
			productName = "FirebaseStorageCombine-Community";
		};
/* End XCSwiftPackageProductDependency section */
	};
	rootObject = 16638C442A6646F1007C442A /* Project object */;
}
